<?xml version="1.0" encoding="utf-8"?>
<Project ToolsVersion="4.0" xmlns="http://schemas.microsoft.com/developer/msbuild/2003">
  <ItemGroup>
    <Filter Include="Source Files">
      <UniqueIdentifier>{4FC737F1-C7A5-4376-A066-2A32D752A2FF}</UniqueIdentifier>
      <Extensions>cpp;c;cc;cxx;def;odl;idl;hpj;bat;asm;asmx</Extensions>
    </Filter>
    <Filter Include="Header Files">
      <UniqueIdentifier>{93995380-89BD-4b04-88EB-625FBE52EBFB}</UniqueIdentifier>
      <Extensions>h;hh;hpp;hxx;hm;inl;inc;xsd</Extensions>
    </Filter>
    <Filter Include="Resource Files">
      <UniqueIdentifier>{67DA6AB6-F800-4c08-8B7A-83BB121AAD01}</UniqueIdentifier>
      <Extensions>rc;ico;cur;bmp;dlg;rc2;rct;bin;rgs;gif;jpg;jpeg;jpe;resx;tiff;tif;png;wav;mfcribbon-ms</Extensions>
    </Filter>
    <Filter Include="char">
      <UniqueIdentifier>{e94dd96a-1d8c-4900-b446-94395aedd719}</UniqueIdentifier>
    </Filter>
    <Filter Include="DirectX">
      <UniqueIdentifier>{41c57dac-3f37-49ea-a531-858392fd2dc3}</UniqueIdentifier>
    </Filter>
    <Filter Include="char\item">
      <UniqueIdentifier>{c070bde5-fbf8-42fe-9bd3-57375355e563}</UniqueIdentifier>
    </Filter>
    <Filter Include="Map">
      <UniqueIdentifier>{31ddb884-4a15-450f-8e48-c15a49c84ceb}</UniqueIdentifier>
    </Filter>
    <Filter Include="Net">
      <UniqueIdentifier>{988e730b-281e-4d9b-a805-2f03eb31db30}</UniqueIdentifier>
    </Filter>
    <Filter Include="UI">
      <UniqueIdentifier>{8c99797e-5028-4157-af12-dbe5759305aa}</UniqueIdentifier>
    </Filter>
    <Filter Include="Libs">
      <UniqueIdentifier>{afa46220-9871-4e73-ab52-998d67dd10e2}</UniqueIdentifier>
    </Filter>
  </ItemGroup>
  <ItemGroup>
    <ClInclude Include="char\ActionID.h">
      <Filter>char</Filter>
    </ClInclude>
    <ClInclude Include="char\CharInfo.h">
      <Filter>char</Filter>
    </ClInclude>
    <ClInclude Include="char\Curse.h">
      <Filter>char</Filter>
    </ClInclude>
    <ClInclude Include="char\DynamicObjectID.h">
      <Filter>char</Filter>
    </ClInclude>
    <ClInclude Include="char\Magic.h">
      <Filter>char</Filter>
    </ClInclude>
    <ClInclude Include="char\Skill.h">
      <Filter>char</Filter>
    </ClInclude>
    <ClInclude Include="DirectX\d3dtypes.h">
      <Filter>DirectX</Filter>
    </ClInclude>
    <ClInclude Include="DirectX\DDraw.h">
      <Filter>DirectX</Filter>
    </ClInclude>
    <ClInclude Include="DirectX\DInput.h">
      <Filter>DirectX</Filter>
    </ClInclude>
    <ClInclude Include="DirectX\DSound.h">
      <Filter>DirectX</Filter>
    </ClInclude>
    <ClInclude Include="DirectX\DXC_ddraw.h">
      <Filter>DirectX</Filter>
    </ClInclude>
    <ClInclude Include="DirectX\DXC_dinput.h">
      <Filter>DirectX</Filter>
    </ClInclude>
    <ClInclude Include="DirectX\DXC_dsound.h">
      <Filter>DirectX</Filter>
    </ClInclude>
    <ClInclude Include="DirectX\Effect.h">
      <Filter>DirectX</Filter>
    </ClInclude>
    <ClInclude Include="DirectX\Mydib.h">
      <Filter>DirectX</Filter>
    </ClInclude>
    <ClInclude Include="DirectX\SoundBuffer.h">
      <Filter>DirectX</Filter>
    </ClInclude>
    <ClInclude Include="DirectX\SoundID.h">
      <Filter>DirectX</Filter>
    </ClInclude>
    <ClInclude Include="DirectX\Sprite.h">
      <Filter>DirectX</Filter>
    </ClInclude>
    <ClInclude Include="DirectX\SpriteID.h">
      <Filter>DirectX</Filter>
    </ClInclude>
    <ClInclude Include="DirectX\TileSpr.h">
      <Filter>DirectX</Filter>
    </ClInclude>
    <ClInclude Include="DirectX\YWSound.h">
      <Filter>DirectX</Filter>
    </ClInclude>
    <ClInclude Include="char\item\BuildItem.h">
      <Filter>char\item</Filter>
    </ClInclude>
    <ClInclude Include="char\item\Item.h">
      <Filter>char\item</Filter>
    </ClInclude>
    <ClInclude Include="char\item\ItemName.h">
      <Filter>char\item</Filter>
    </ClInclude>
    <ClInclude Include="Map\MapData.h">
      <Filter>Map</Filter>
    </ClInclude>
    <ClInclude Include="Map\Tile.h">
      <Filter>Map</Filter>
    </ClInclude>
    <ClInclude Include="Net\Msg.h">
      <Filter>Net</Filter>
    </ClInclude>
    <ClInclude Include="Net\XSocket.h">
      <Filter>Net</Filter>
    </ClInclude>
    <ClInclude Include="UI\MouseInterface.h">
      <Filter>UI</Filter>
    </ClInclude>
    <ClInclude Include="UI\Winmain.h">
      <Filter>UI</Filter>
    </ClInclude>
    <ClInclude Include="Res\resource.h">
      <Filter>Resource Files</Filter>
    </ClInclude>
    <ClInclude Include="Game.h">
      <Filter>Header Files</Filter>
    </ClInclude>
    <ClInclude Include="GlobalDef.h">
      <Filter>Header Files</Filter>
    </ClInclude>
    <ClInclude Include="GlobalVal.h">
      <Filter>Header Files</Filter>
    </ClInclude>
    <ClInclude Include="lan_eng.h">
      <Filter>Header Files</Filter>
    </ClInclude>
    <ClInclude Include="lan_Spanish.h">
      <Filter>Header Files</Filter>
    </ClInclude>
    <ClInclude Include="Misc.h">
      <Filter>Header Files</Filter>
    </ClInclude>
    <ClInclude Include="StrTok.h">
      <Filter>Header Files</Filter>
    </ClInclude>
  </ItemGroup>
  <ItemGroup>
    <ClCompile Include="char\CharInfo.cpp">
      <Filter>char</Filter>
    </ClCompile>
    <ClCompile Include="char\Curse.cpp">
      <Filter>char</Filter>
    </ClCompile>
    <ClCompile Include="char\Magic.cpp">
      <Filter>char</Filter>
    </ClCompile>
    <ClCompile Include="char\Skill.cpp">
      <Filter>char</Filter>
    </ClCompile>
    <ClCompile Include="DirectX\DXC_ddraw.cpp">
      <Filter>DirectX</Filter>
    </ClCompile>
    <ClCompile Include="DirectX\DXC_dinput.cpp">
      <Filter>DirectX</Filter>
    </ClCompile>
    <ClCompile Include="DirectX\DXC_dsound.cpp">
      <Filter>DirectX</Filter>
    </ClCompile>
    <ClCompile Include="DirectX\Effect.cpp">
      <Filter>DirectX</Filter>
    </ClCompile>
    <ClCompile Include="DirectX\Mydib.cpp">
      <Filter>DirectX</Filter>
    </ClCompile>
    <ClCompile Include="DirectX\SoundBuffer.cpp">
      <Filter>DirectX</Filter>
    </ClCompile>
    <ClCompile Include="DirectX\Sprite.cpp">
      <Filter>DirectX</Filter>
    </ClCompile>
    <ClCompile Include="DirectX\TileSpr.cpp">
      <Filter>DirectX</Filter>
    </ClCompile>
    <ClCompile Include="DirectX\YWSound.cpp">
      <Filter>DirectX</Filter>
    </ClCompile>
    <ClCompile Include="char\item\BuildItem.cpp">
      <Filter>char\item</Filter>
    </ClCompile>
    <ClCompile Include="char\item\Item.cpp">
      <Filter>char\item</Filter>
    </ClCompile>
    <ClCompile Include="char\item\ItemName.cpp">
      <Filter>char\item</Filter>
    </ClCompile>
    <ClCompile Include="Map\MapData.cpp">
      <Filter>Map</Filter>
    </ClCompile>
    <ClCompile Include="Map\Tile.cpp">
      <Filter>Map</Filter>
    </ClCompile>
    <ClCompile Include="Net\Msg.cpp">
      <Filter>Net</Filter>
    </ClCompile>
    <ClCompile Include="Net\XSocket.cpp">
      <Filter>Net</Filter>
    </ClCompile>
    <ClCompile Include="UI\MouseInterface.cpp">
      <Filter>UI</Filter>
    </ClCompile>
    <ClCompile Include="UI\Wmain.cpp">
      <Filter>UI</Filter>
    </ClCompile>
    <ClCompile Include="Game.cpp">
      <Filter>Source Files</Filter>
    </ClCompile>
    <ClCompile Include="Misc.cpp">
      <Filter>Source Files</Filter>
    </ClCompile>
    <ClCompile Include="StrTok.cpp">
      <Filter>Source Files</Filter>
    </ClCompile>
  </ItemGroup>
  <ItemGroup>
    <Image Include="Res\_OK.bmp">
      <Filter>Resource Files</Filter>
    </Image>
    <Image Include="Res\CANCEL.bmp">
      <Filter>Resource Files</Filter>
    </Image>
    <Image Include="Res\CONNECT.bmp">
      <Filter>Resource Files</Filter>
    </Image>
    <Image Include="Res\htmlview(24).BMP">
      <Filter>Resource Files</Filter>
    </Image>
    <Image Include="Res\icon1.ico">
      <Filter>Resource Files</Filter>
    </Image>
  </ItemGroup>
  <ItemGroup>
    <ResourceCompile Include="Res\resource.rc">
      <Filter>Resource Files</Filter>
    </ResourceCompile>
  </ItemGroup>
  <ItemGroup>
    <Library Include="libs\WINMM.LIB">
      <Filter>Libs</Filter>
    </Library>
    <Library Include="libs\WS2_32.LIB">
      <Filter>Libs</Filter>
    </Library>
    <Library Include="libs\WSOCK32.LIB">
      <Filter>Libs</Filter>
    </Library>
    <Library Include="libs\DDRAW.LIB">
      <Filter>Libs</Filter>
    </Library>
    <Library Include="libs\DINPUT.LIB">
      <Filter>Libs</Filter>
    </Library>
    <Library Include="libs\DSOUND.LIB">
      <Filter>Libs</Filter>
    </Library>
    <Library Include="libs\DXGUID.LIB">
      <Filter>Libs</Filter>
    </Library>
    <Library Include="libs\search.lib">
      <Filter>Libs</Filter>
    </Library>
  </ItemGroup>
</Project>